
Microsoft Visual Studio Solution File, Format Version 12.00
# Visual Studio Version 16
VisualStudioVersion = 16.0.32602.291
MinimumVisualStudioVersion = 10.0.40219.1
Project("{FAE04EC0-301F-11D3-BF4B-00C04F79EFBC}") = "SmartCityInformation", "SmartCityInformation\SmartCityInformation.csproj", "{404FCD8F-8BBE-4C7D-A8AF-0554676D9B69}"
EndProject
Global
	GlobalSection(SolutionConfigurationPlatforms) = preSolution
		Debug|Any CPU = Debug|Any CPU
		Release|Any CPU = Release|Any CPU
	EndGlobalSection
	GlobalSection(ProjectConfigurationPlatforms) = postSolution
		{404FCD8F-8BBE-4C7D-A8AF-0554676D9B69}.Debug|Any CPU.ActiveCfg = Debug|Any CPU
		{404FCD8F-8BBE-4C7D-A8AF-0554676D9B69}.Debug|Any CPU.Build.0 = Debug|Any CPU
		{404FCD8F-8BBE-4C7D-A8AF-0554676D9B69}.Release|Any CPU.ActiveCfg = Release|Any CPU
		{404FCD8F-8BBE-4C7D-A8AF-0554676D9B69}.Release|Any CPU.Build.0 = Release|Any CPU
	EndGlobalSection
	GlobalSection(SolutionProperties) = preSolution
		HideSolutionNode = FALSE
	EndGlobalSection
	GlobalSection(ExtensibilityGlobals) = postSolution
		SolutionGuid = {61D4F738-265A-40CF-8BD6-3815C6DDE3E5}
	EndGlobalSection
EndGlobal
